
Microsoft Visual Studio Solution File, Format Version 12.00
# Visual Studio 2012
Project("{FAE04EC0-301F-11D3-BF4B-00C04F79EFBC}") = "TsTest", "TsTest\TsTest.csproj", "{75EAAD98-E56C-4618-9134-65523AF3A095}"
EndProject
Project("{FAE04EC0-301F-11D3-BF4B-00C04F79EFBC}") = "TsTest.Tests", "TsTest.Tests\TsTest.Tests.csproj", "{8422B352-918A-4E94-ADB3-3D6AD1C80DBD}"
EndProject
Global
	GlobalSection(SolutionConfigurationPlatforms) = preSolution
		Debug|Any CPU = Debug|Any CPU
		Release|Any CPU = Release|Any CPU
	EndGlobalSection
	GlobalSection(ProjectConfigurationPlatforms) = postSolution
		{75EAAD98-E56C-4618-9134-65523AF3A095}.Debug|Any CPU.ActiveCfg = Debug|Any CPU
		{75EAAD98-E56C-4618-9134-65523AF3A095}.Debug|Any CPU.Build.0 = Debug|Any CPU
		{75EAAD98-E56C-4618-9134-65523AF3A095}.Release|Any CPU.ActiveCfg = Release|Any CPU
		{75EAAD98-E56C-4618-9134-65523AF3A095}.Release|Any CPU.Build.0 = Release|Any CPU
		{8422B352-918A-4E94-ADB3-3D6AD1C80DBD}.Debug|Any CPU.ActiveCfg = Debug|Any CPU
		{8422B352-918A-4E94-ADB3-3D6AD1C80DBD}.Debug|Any CPU.Build.0 = Debug|Any CPU
		{8422B352-918A-4E94-ADB3-3D6AD1C80DBD}.Release|Any CPU.ActiveCfg = Release|Any CPU
		{8422B352-918A-4E94-ADB3-3D6AD1C80DBD}.Release|Any CPU.Build.0 = Release|Any CPU
	EndGlobalSection
	GlobalSection(SolutionProperties) = preSolution
		HideSolutionNode = FALSE
	EndGlobalSection
EndGlobal
